
Microsoft Visual Studio Solution File, Format Version 12.00
# Visual Studio Version 16
VisualStudioVersion = 16.0.31624.102
MinimumVisualStudioVersion = 10.0.40219.1
Project("{FAE04EC0-301F-11D3-BF4B-00C04F79EFBC}") = "Command design pattern", "Command design pattern\Command design pattern.csproj", "{4C11A289-5178-4A47-A6B4-BD5128DA2621}"
EndProject
Global
	GlobalSection(SolutionConfigurationPlatforms) = preSolution
		Debug|Any CPU = Debug|Any CPU
		Release|Any CPU = Release|Any CPU
	EndGlobalSection
	GlobalSection(ProjectConfigurationPlatforms) = postSolution
		{4C11A289-5178-4A47-A6B4-BD5128DA2621}.Debug|Any CPU.ActiveCfg = Debug|Any CPU
		{4C11A289-5178-4A47-A6B4-BD5128DA2621}.Debug|Any CPU.Build.0 = Debug|Any CPU
		{4C11A289-5178-4A47-A6B4-BD5128DA2621}.Release|Any CPU.ActiveCfg = Release|Any CPU
		{4C11A289-5178-4A47-A6B4-BD5128DA2621}.Release|Any CPU.Build.0 = Release|Any CPU
	EndGlobalSection
	GlobalSection(SolutionProperties) = preSolution
		HideSolutionNode = FALSE
	EndGlobalSection
	GlobalSection(ExtensibilityGlobals) = postSolution
		SolutionGuid = {D34EF6E2-C563-45C9-9E97-682506DBFA19}
	EndGlobalSection
EndGlobal
